
Microsoft Visual Studio Solution File, Format Version 12.00
# Visual Studio Version 17
VisualStudioVersion = 17.5.33414.496
MinimumVisualStudioVersion = 10.0.40219.1
Project("{FAE04EC0-301F-11D3-BF4B-00C04F79EFBC}") = "ColorGame", "ColorGame.csproj", "{2CCF5A75-DA5F-4EB7-A3E3-51D96B26D2A4}"
EndProject
Global
	GlobalSection(SolutionConfigurationPlatforms) = preSolution
		Debug|Any CPU = Debug|Any CPU
		Release|Any CPU = Release|Any CPU
	EndGlobalSection
	GlobalSection(ProjectConfigurationPlatforms) = postSolution
		{2CCF5A75-DA5F-4EB7-A3E3-51D96B26D2A4}.Debug|Any CPU.ActiveCfg = Debug|Any CPU
		{2CCF5A75-DA5F-4EB7-A3E3-51D96B26D2A4}.Debug|Any CPU.Build.0 = Debug|Any CPU
		{2CCF5A75-DA5F-4EB7-A3E3-51D96B26D2A4}.Release|Any CPU.ActiveCfg = Release|Any CPU
		{2CCF5A75-DA5F-4EB7-A3E3-51D96B26D2A4}.Release|Any CPU.Build.0 = Release|Any CPU
	EndGlobalSection
	GlobalSection(SolutionProperties) = preSolution
		HideSolutionNode = FALSE
	EndGlobalSection
	GlobalSection(ExtensibilityGlobals) = postSolution
		SolutionGuid = {1AC1517C-5CEA-4F62-82B5-334182905ADA}
	EndGlobalSection
EndGlobal
